<?xml version="1.0" encoding="utf-8"?>
<Project ToolsVersion="4.0" xmlns="http://schemas.microsoft.com/developer/msbuild/2003">
  <ItemGroup>
    <Filter Include="Source Files">
      <UniqueIdentifier>{4FC737F1-C7A5-4376-A066-2A32D752A2FF}</UniqueIdentifier>
      <Extensions>cpp;cxx;c;def</Extensions>
    </Filter>
    <Filter Include="Header Files">
      <UniqueIdentifier>{93995380-89BD-4b04-88EB-625FBE52EBFB}</UniqueIdentifier>
      <Extensions>h</Extensions>
    </Filter>
    <Filter Include="Form Files">
      <UniqueIdentifier>{99349809-55BA-4b9d-BF79-8FDBB0286EB3}</UniqueIdentifier>
      <Extensions>ui</Extensions>
    </Filter>
    <Filter Include="Resource Files">
      <UniqueIdentifier>{D9D6E242-F8AF-46E4-B9FD-80ECBC20BA3E}</UniqueIdentifier>
      <Extensions>qrc;*</Extensions>
      <ParseFiles>false</ParseFiles>
    </Filter>
    <Filter Include="Generated Files">
      <UniqueIdentifier>{71ED8ED8-ACB9-4CE9-BBE1-E00B30144E11}</UniqueIdentifier>
      <Extensions>moc;h;cpp</Extensions>
      <SourceControlFiles>False</SourceControlFiles>
    </Filter>
    <Filter Include="Generated Files\Debug">
      <UniqueIdentifier>{2c6897aa-7c8f-48c0-8a66-339d653cc9be}</UniqueIdentifier>
      <Extensions>cpp;moc</Extensions>
      <SourceControlFiles>False</SourceControlFiles>
    </Filter>
    <Filter Include="Generated Files\Release">
      <UniqueIdentifier>{38779af9-d784-4a4f-aa7d-afd2d64e755b}</UniqueIdentifier>
      <Extensions>cpp;moc</Extensions>
      <SourceControlFiles>False</SourceControlFiles>
    </Filter>
    <Filter Include="Log">
      <UniqueIdentifier>{23267b85-2755-4684-843f-20dcc7920ebe}</UniqueIdentifier>
    </Filter>
    <Filter Include="Message">
      <UniqueIdentifier>{dc92785e-0fd4-4771-acc2-2d9591204cf0}</UniqueIdentifier>
    </Filter>
    <Filter Include="Net">
      <UniqueIdentifier>{1d5a4d88-cc98-452f-8454-86476c0b3bc9}</UniqueIdentifier>
    </Filter>
    <Filter Include="share">
      <UniqueIdentifier>{a3ac00ac-5b85-4f45-b8ff-6f5eb2b94705}</UniqueIdentifier>
    </Filter>
    <Filter Include="Login">
      <UniqueIdentifier>{038254ff-281c-4493-b28b-5cbd886d1b44}</UniqueIdentifier>
    </Filter>
  </ItemGroup>
  <ItemGroup>
    <ClCompile Include="main.cpp">
      <Filter>Source Files</Filter>
    </ClCompile>
    <ClCompile Include="CSMonitorServer.cpp">
      <Filter>Source Files</Filter>
    </ClCompile>
    <ClCompile Include="GeneratedFiles\Debug\moc_CSMonitorServer.cpp">
      <Filter>Generated Files\Debug</Filter>
    </ClCompile>
    <ClCompile Include="GeneratedFiles\Release\moc_CSMonitorServer.cpp">
      <Filter>Generated Files\Release</Filter>
    </ClCompile>
    <ClCompile Include="GeneratedFiles\qrc_CSMonitorServer.cpp">
      <Filter>Generated Files</Filter>
    </ClCompile>
    <ClCompile Include="stdafx.cpp">
      <Filter>Source Files</Filter>
    </ClCompile>
    <ClCompile Include="ServerLoger.cpp">
      <Filter>Log</Filter>
    </ClCompile>
    <ClCompile Include="CLogininMessage.cpp">
      <Filter>Message</Filter>
    </ClCompile>
    <ClCompile Include="GeneratedFiles\Debug\moc_CLogininMessage.cpp">
      <Filter>Generated Files\Debug</Filter>
    </ClCompile>
    <ClCompile Include="GeneratedFiles\Release\moc_CLogininMessage.cpp">
      <Filter>Generated Files\Release</Filter>
    </ClCompile>
    <ClCompile Include="CMessage.cpp">
      <Filter>Message</Filter>
    </ClCompile>
    <ClCompile Include="GeneratedFiles\Debug\moc_CMessage.cpp">
      <Filter>Generated Files\Debug</Filter>
    </ClCompile>
    <ClCompile Include="GeneratedFiles\Release\moc_CMessage.cpp">
      <Filter>Generated Files\Release</Filter>
    </ClCompile>
    <ClCompile Include="CMessageDataMediator.cpp">
      <Filter>Message</Filter>
    </ClCompile>
    <ClCompile Include="GeneratedFiles\Debug\moc_CMessageDataMediator.cpp">
      <Filter>Generated Files\Debug</Filter>
    </ClCompile>
    <ClCompile Include="GeneratedFiles\Release\moc_CMessageDataMediator.cpp">
      <Filter>Generated Files\Release</Filter>
    </ClCompile>
    <ClCompile Include="CMessageEventMediator.cpp">
      <Filter>Message</Filter>
    </ClCompile>
    <ClCompile Include="GeneratedFiles\Debug\moc_CMessageEventMediator.cpp">
      <Filter>Generated Files\Debug</Filter>
    </ClCompile>
    <ClCompile Include="GeneratedFiles\Release\moc_CMessageEventMediator.cpp">
      <Filter>Generated Files\Release</Filter>
    </ClCompile>
    <ClCompile Include="CMessageFactory.cpp">
      <Filter>Message</Filter>
    </ClCompile>
    <ClCompile Include="GeneratedFiles\Debug\moc_CMessageFactory.cpp">
      <Filter>Generated Files\Debug</Filter>
    </ClCompile>
    <ClCompile Include="GeneratedFiles\Release\moc_CMessageFactory.cpp">
      <Filter>Generated Files\Release</Filter>
    </ClCompile>
    <ClCompile Include="CRegisterIdMessage.cpp">
      <Filter>Message</Filter>
    </ClCompile>
    <ClCompile Include="GeneratedFiles\Debug\moc_CRegisterIdMessage.cpp">
      <Filter>Generated Files\Debug</Filter>
    </ClCompile>
    <ClCompile Include="GeneratedFiles\Release\moc_CRegisterIdMessage.cpp">
      <Filter>Generated Files\Release</Filter>
    </ClCompile>
    <ClCompile Include="IOCPNet.cpp">
      <Filter>Net</Filter>
    </ClCompile>
    <ClCompile Include="CNetMessage.cpp">
      <Filter>Net</Filter>
    </ClCompile>
    <ClCompile Include="Markup.cpp">
      <Filter>Source Files</Filter>
    </ClCompile>
    <ClCompile Include="NetClass.cpp">
      <Filter>Source Files</Filter>
    </ClCompile>
    <ClCompile Include="GeneratedFiles\Debug\moc_NetClass.cpp">
      <Filter>Generated Files\Debug</Filter>
    </ClCompile>
    <ClCompile Include="GeneratedFiles\Release\moc_NetClass.cpp">
      <Filter>Generated Files\Release</Filter>
    </ClCompile>
    <ClCompile Include="databasemanager.cpp">
      <Filter>Source Files</Filter>
    </ClCompile>
    <ClCompile Include="GeneratedFiles\Debug\moc_databasemanager.cpp">
      <Filter>Generated Files\Debug</Filter>
    </ClCompile>
    <ClCompile Include="GeneratedFiles\Release\moc_databasemanager.cpp">
      <Filter>Generated Files\Release</Filter>
    </ClCompile>
    <ClCompile Include="cdatamanagerthread.cpp">
      <Filter>Source Files</Filter>
    </ClCompile>
    <ClCompile Include="GeneratedFiles\Debug\moc_cdatamanagerthread.cpp">
      <Filter>Generated Files\Debug</Filter>
    </ClCompile>
    <ClCompile Include="GeneratedFiles\Release\moc_cdatamanagerthread.cpp">
      <Filter>Generated Files\Release</Filter>
    </ClCompile>
    <ClCompile Include="CRequestXmlMessage.cpp">
      <Filter>Message</Filter>
    </ClCompile>
    <ClCompile Include="GeneratedFiles\Debug\moc_CRequestXmlMessage.cpp">
      <Filter>Generated Files\Debug</Filter>
    </ClCompile>
    <ClCompile Include="GeneratedFiles\Release\moc_CRequestXmlMessage.cpp">
      <Filter>Generated Files\Release</Filter>
    </ClCompile>
    <ClCompile Include="CModifyIdMessage.cpp">
      <Filter>Message</Filter>
    </ClCompile>
    <ClCompile Include="GeneratedFiles\Debug\moc_CModifyIdMessage.cpp">
      <Filter>Generated Files\Debug</Filter>
    </ClCompile>
    <ClCompile Include="GeneratedFiles\Release\moc_CModifyIdMessage.cpp">
      <Filter>Generated Files\Release</Filter>
    </ClCompile>
    <ClCompile Include="CSoftInstallMessage.cpp">
      <Filter>Message</Filter>
    </ClCompile>
    <ClCompile Include="GeneratedFiles\Debug\moc_CSoftInstallMessage.cpp">
      <Filter>Generated Files\Debug</Filter>
    </ClCompile>
    <ClCompile Include="GeneratedFiles\Release\moc_CSoftInstallMessage.cpp">
      <Filter>Generated Files\Release</Filter>
    </ClCompile>
    <ClCompile Include="CTitleWidget.cpp">
      <Filter>Source Files</Filter>
    </ClCompile>
    <ClCompile Include="GeneratedFiles\Debug\moc_CTitleWidget.cpp">
      <Filter>Generated Files\Debug</Filter>
    </ClCompile>
    <ClCompile Include="GeneratedFiles\Release\moc_CTitleWidget.cpp">
      <Filter>Generated Files\Release</Filter>
    </ClCompile>
    <ClCompile Include="CSideBarWidget.cpp">
      <Filter>Source Files</Filter>
    </ClCompile>
    <ClCompile Include="GeneratedFiles\Debug\moc_CSideBarWidget.cpp">
      <Filter>Generated Files\Debug</Filter>
    </ClCompile>
    <ClCompile Include="GeneratedFiles\Release\moc_CSideBarWidget.cpp">
      <Filter>Generated Files\Release</Filter>
    </ClCompile>
    <ClCompile Include="CSystemTrayIcon.cpp">
      <Filter>Source Files</Filter>
    </ClCompile>
    <ClCompile Include="GeneratedFiles\Debug\moc_CSystemTrayIcon.cpp">
      <Filter>Generated Files\Debug</Filter>
    </ClCompile>
    <ClCompile Include="GeneratedFiles\Release\moc_CSystemTrayIcon.cpp">
      <Filter>Generated Files\Release</Filter>
    </ClCompile>
    <ClCompile Include="CPushButton.cpp">
      <Filter>Source Files</Filter>
    </ClCompile>
    <ClCompile Include="GeneratedFiles\Debug\moc_CPushButton.cpp">
      <Filter>Generated Files\Debug</Filter>
    </ClCompile>
    <ClCompile Include="GeneratedFiles\Release\moc_CPushButton.cpp">
      <Filter>Generated Files\Release</Filter>
    </ClCompile>
    <ClCompile Include="CStateButton.cpp">
      <Filter>Source Files</Filter>
    </ClCompile>
    <ClCompile Include="GeneratedFiles\Debug\moc_CStateButton.cpp">
      <Filter>Generated Files\Debug</Filter>
    </ClCompile>
    <ClCompile Include="GeneratedFiles\Release\moc_CStateButton.cpp">
      <Filter>Generated Files\Release</Filter>
    </ClCompile>
    <ClCompile Include="CMisc.cpp">
      <Filter>Source Files</Filter>
    </ClCompile>
    <ClCompile Include="CSoftUpgradeWidget.cpp">
      <Filter>Source Files</Filter>
    </ClCompile>
    <ClCompile Include="GeneratedFiles\Debug\moc_CSoftUpgradeWidget.cpp">
      <Filter>Generated Files\Debug</Filter>
    </ClCompile>
    <ClCompile Include="GeneratedFiles\Release\moc_CSoftUpgradeWidget.cpp">
      <Filter>Generated Files\Release</Filter>
    </ClCompile>
    <ClCompile Include="CStatisticsWidget.cpp">
      <Filter>Source Files</Filter>
    </ClCompile>
    <ClCompile Include="GeneratedFiles\Debug\moc_CStatisticsWidget.cpp">
      <Filter>Generated Files\Debug</Filter>
    </ClCompile>
    <ClCompile Include="GeneratedFiles\Release\moc_CStatisticsWidget.cpp">
      <Filter>Generated Files\Release</Filter>
    </ClCompile>
    <ClCompile Include="CHelpInfoWidget.cpp">
      <Filter>Source Files</Filter>
    </ClCompile>
    <ClCompile Include="GeneratedFiles\Debug\moc_CHelpInfoWidget.cpp">
      <Filter>Generated Files\Debug</Filter>
    </ClCompile>
    <ClCompile Include="GeneratedFiles\Release\moc_CHelpInfoWidget.cpp">
      <Filter>Generated Files\Release</Filter>
    </ClCompile>
    <ClCompile Include="CStatusWidget.cpp">
      <Filter>Source Files</Filter>
    </ClCompile>
    <ClCompile Include="GeneratedFiles\Debug\moc_CStatusWidget.cpp">
      <Filter>Generated Files\Debug</Filter>
    </ClCompile>
    <ClCompile Include="GeneratedFiles\Release\moc_CStatusWidget.cpp">
      <Filter>Generated Files\Release</Filter>
    </ClCompile>
    <ClCompile Include="GeneratedFiles\Debug\moc_CLoginDialog.cpp">
      <Filter>Generated Files\Debug</Filter>
    </ClCompile>
    <ClCompile Include="GeneratedFiles\Release\moc_CLoginDialog.cpp">
      <Filter>Generated Files\Release</Filter>
    </ClCompile>
    <ClCompile Include="CLoginDialog.cpp">
      <Filter>Login</Filter>
    </ClCompile>
    <ClCompile Include="CItemDelegate.cpp">
      <Filter>Source Files</Filter>
    </ClCompile>
    <ClCompile Include="GeneratedFiles\Debug\moc_CItemDelegate.cpp">
      <Filter>Generated Files\Debug</Filter>
    </ClCompile>
    <ClCompile Include="GeneratedFiles\Release\moc_CItemDelegate.cpp">
      <Filter>Generated Files\Release</Filter>
    </ClCompile>
    <ClCompile Include="CRequestHelpInfoMessage.cpp">
      <Filter>Message</Filter>
    </ClCompile>
    <ClCompile Include="GeneratedFiles\Debug\moc_CRequestHelpInfoMessage.cpp">
      <Filter>Generated Files\Debug</Filter>
    </ClCompile>
    <ClCompile Include="GeneratedFiles\Release\moc_CRequestHelpInfoMessage.cpp">
      <Filter>Generated Files\Release</Filter>
    </ClCompile>
    <ClCompile Include="CNoFocusDelegate.cpp">
      <Filter>Source Files</Filter>
    </ClCompile>
    <ClCompile Include="CDistributeMessage.cpp">
      <Filter>Message</Filter>
    </ClCompile>
    <ClCompile Include="GeneratedFiles\Debug\moc_CDistributeMessage.cpp">
      <Filter>Generated Files\Debug</Filter>
    </ClCompile>
    <ClCompile Include="GeneratedFiles\Release\moc_CDistributeMessage.cpp">
      <Filter>Generated Files\Release</Filter>
    </ClCompile>
    <ClCompile Include="CRequestMsgMessage.cpp">
      <Filter>Message</Filter>
    </ClCompile>
    <ClCompile Include="GeneratedFiles\Debug\moc_CRequestMsgMessage.cpp">
      <Filter>Generated Files\Debug</Filter>
    </ClCompile>
    <ClCompile Include="GeneratedFiles\Release\moc_CRequestMsgMessage.cpp">
      <Filter>Generated Files\Release</Filter>
    </ClCompile>
    <ClCompile Include="CPasswdConfig.cpp">
      <Filter>Source Files</Filter>
    </ClCompile>
    <ClCompile Include="GeneratedFiles\Debug\moc_CPasswdConfig.cpp">
      <Filter>Generated Files\Debug</Filter>
    </ClCompile>
    <ClCompile Include="GeneratedFiles\Release\moc_CPasswdConfig.cpp">
      <Filter>Generated Files\Release</Filter>
    </ClCompile>
    <ClCompile Include="excelhelper.cpp">
      <Filter>Source Files</Filter>
    </ClCompile>
    <ClCompile Include="GeneratedFiles\Debug\moc_excelhelper.cpp">
      <Filter>Generated Files\Debug</Filter>
    </ClCompile>
    <ClCompile Include="GeneratedFiles\Release\moc_excelhelper.cpp">
      <Filter>Generated Files\Release</Filter>
    </ClCompile>
    <ClCompile Include="CSoftUploadMessage.cpp">
      <Filter>Message</Filter>
    </ClCompile>
    <ClCompile Include="GeneratedFiles\Debug\moc_CSoftUploadMessage.cpp">
      <Filter>Generated Files\Debug</Filter>
    </ClCompile>
    <ClCompile Include="GeneratedFiles\Release\moc_CSoftUploadMessage.cpp">
      <Filter>Generated Files\Release</Filter>
    </ClCompile>
  </ItemGroup>
  <ItemGroup>
    <CustomBuild Include="CSMonitorServer.h">
      <Filter>Header Files</Filter>
    </CustomBuild>
    <CustomBuild Include="CSMonitorServer.qrc">
      <Filter>Resource Files</Filter>
    </CustomBuild>
    <CustomBuild Include="CLogininMessage.h">
      <Filter>Message</Filter>
    </CustomBuild>
    <CustomBuild Include="CMessage.h">
      <Filter>Message</Filter>
    </CustomBuild>
    <CustomBuild Include="CMessageDataMediator.h">
      <Filter>Message</Filter>
    </CustomBuild>
    <CustomBuild Include="CMessageEventMediator.h">
      <Filter>Message</Filter>
    </CustomBuild>
    <CustomBuild Include="CMessageFactory.h">
      <Filter>Message</Filter>
    </CustomBuild>
    <CustomBuild Include="CRegisterIdMessage.h">
      <Filter>Message</Filter>
    </CustomBuild>
    <CustomBuild Include="IOCPNet.h">
      <Filter>Net</Filter>
    </CustomBuild>
    <CustomBuild Include="NetClass.h">
      <Filter>Header Files</Filter>
    </CustomBuild>
    <CustomBuild Include="databasemanager.h">
      <Filter>Header Files</Filter>
    </CustomBuild>
    <CustomBuild Include="cdatamanagerthread.h">
      <Filter>Header Files</Filter>
    </CustomBuild>
    <CustomBuild Include="CRequestXmlMessage.h">
      <Filter>Message</Filter>
    </CustomBuild>
    <CustomBuild Include="CModifyIdMessage.h">
      <Filter>Message</Filter>
    </CustomBuild>
    <CustomBuild Include="CSoftInstallMessage.h">
      <Filter>Message</Filter>
    </CustomBuild>
    <CustomBuild Include="CSoftUpgredeWidget.ui">
      <Filter>Form Files</Filter>
    </CustomBuild>
    <CustomBuild Include="CSideBarWidget.h">
      <Filter>Header Files</Filter>
    </CustomBuild>
    <CustomBuild Include="CSystemTrayIcon.h">
      <Filter>Header Files</Filter>
    </CustomBuild>
    <CustomBuild Include="CTitleWidget.h">
      <Filter>Header Files</Filter>
    </CustomBuild>
    <CustomBuild Include="CPushButton.h">
      <Filter>Header Files</Filter>
    </CustomBuild>
    <CustomBuild Include="CStateButton.h">
      <Filter>Header Files</Filter>
    </CustomBuild>
    <CustomBuild Include="CSoftUpgradeWidget.h">
      <Filter>Header Files</Filter>
    </CustomBuild>
    <CustomBuild Include="CHelpInfo.ui">
      <Filter>Form Files</Filter>
    </CustomBuild>
    <CustomBuild Include="CStatisticsWidget.h">
      <Filter>Header Files</Filter>
    </CustomBuild>
    <CustomBuild Include="CStatisticsWidget.ui">
      <Filter>Form Files</Filter>
    </CustomBuild>
    <CustomBuild Include="CHelpInfoWidget.h">
      <Filter>Header Files</Filter>
    </CustomBuild>
    <CustomBuild Include="CStatusWidget.h">
      <Filter>Header Files</Filter>
    </CustomBuild>
    <CustomBuild Include="CStatusWidget.ui">
      <Filter>Form Files</Filter>
    </CustomBuild>
    <CustomBuild Include="CLoginDialog.ui">
      <Filter>Login</Filter>
    </CustomBuild>
    <CustomBuild Include="CLoginDialog.h">
      <Filter>Login</Filter>
    </CustomBuild>
    <CustomBuild Include="CItemDelegate.h">
      <Filter>Header Files</Filter>
    </CustomBuild>
    <CustomBuild Include="CRequestHelpInfoMessage.h">
      <Filter>Message</Filter>
    </CustomBuild>
    <CustomBuild Include="CDistributeMessage.h">
      <Filter>Message</Filter>
    </CustomBuild>
    <CustomBuild Include="CRequestMsgMessage.h">
      <Filter>Message</Filter>
    </CustomBuild>
    <CustomBuild Include="CPasswdConfig.h">
      <Filter>Header Files</Filter>
    </CustomBuild>
    <CustomBuild Include="CPasswdConfig.ui">
      <Filter>Form Files</Filter>
    </CustomBuild>
    <CustomBuild Include="CSMonitorServer.ui">
      <Filter>Form Files</Filter>
    </CustomBuild>
    <CustomBuild Include="excelhelper.h">
      <Filter>Header Files</Filter>
    </CustomBuild>
    <CustomBuild Include="CSoftUploadMessage.h">
      <Filter>Message</Filter>
    </CustomBuild>
  </ItemGroup>
  <ItemGroup>
    <ClInclude Include="ServerLoger.h">
      <Filter>Log</Filter>
    </ClInclude>
    <ClInclude Include="stdafx.h">
      <Filter>Header Files</Filter>
    </ClInclude>
    <ClInclude Include="CNetMessage.h">
      <Filter>Net</Filter>
    </ClInclude>
    <ClInclude Include="Markup.h">
      <Filter>Header Files</Filter>
    </ClInclude>
    <ClInclude Include="Define.h">
      <Filter>Header Files</Filter>
    </ClInclude>
    <ClInclude Include="GeneratedFiles\ui_CSoftUpgredeWidget.h">
      <Filter>Generated Files</Filter>
    </ClInclude>
    <ClInclude Include="..\..\include\common.h">
      <Filter>share</Filter>
    </ClInclude>
    <ClInclude Include="CMisc.h">
      <Filter>Header Files</Filter>
    </ClInclude>
    <ClInclude Include="GeneratedFiles\ui_CHelpInfo.h">
      <Filter>Generated Files</Filter>
    </ClInclude>
    <ClInclude Include="GeneratedFiles\ui_CStatisticsWidget.h">
      <Filter>Generated Files</Filter>
    </ClInclude>
    <ClInclude Include="GeneratedFiles\ui_CStatusWidget.h">
      <Filter>Generated Files</Filter>
    </ClInclude>
    <ClInclude Include="GeneratedFiles\ui_CLoginDialog.h">
      <Filter>Generated Files</Filter>
    </ClInclude>
    <ClInclude Include="CNoFocusDelegate.h">
      <Filter>Header Files</Filter>
    </ClInclude>
    <ClInclude Include="GeneratedFiles\ui_CPasswdConfig.h">
      <Filter>Generated Files</Filter>
    </ClInclude>
    <ClInclude Include="GeneratedFiles\ui_CSMonitorServer.h">
      <Filter>Generated Files</Filter>
    </ClInclude>
  </ItemGroup>
  <ItemGroup>
    <ResourceCompile Include="SMonitor.rc" />
  </ItemGroup>
</Project>